// !$*UTF8*$!
{
	archiveVersion = 1;
	classes = {
	};
	objectVersion = 50;
	objects = {

/* Begin PBXBuildFile section */
		485BD4B221895EFA00B6AC58 /* AppDelegate.swift in Sources */ = {isa = PBXBuildFile; fileRef = 485BD4B121895EFA00B6AC58 /* AppDelegate.swift */; };
		485BD4B421895EFA00B6AC58 /* ViewController.swift in Sources */ = {isa = PBXBuildFile; fileRef = 485BD4B321895EFA00B6AC58 /* ViewController.swift */; };
		485BD4B721895EFA00B6AC58 /* Main.storyboard in Resources */ = {isa = PBXBuildFile; fileRef = 485BD4B521895EFA00B6AC58 /* Main.storyboard */; };
		485BD4B921895EFD00B6AC58 /* Assets.xcassets in Resources */ = {isa = PBXBuildFile; fileRef = 485BD4B821895EFD00B6AC58 /* Assets.xcassets */; };
		485BD4BC21895EFD00B6AC58 /* LaunchScreen.storyboard in Resources */ = {isa = PBXBuildFile; fileRef = 485BD4BA21895EFD00B6AC58 /* LaunchScreen.storyboard */; };
		485BD4C721895EFE00B6AC58 /* ______UITests.swift in Sources */ = {isa = PBXBuildFile; fileRef = 485BD4C621895EFE00B6AC58 /* ______UITests.swift */; };
		485BD4D221895F4200B6AC58 /* FirstView.swift in Sources */ = {isa = PBXBuildFile; fileRef = 485BD4D121895F4200B6AC58 /* FirstView.swift */; };
		485BD4D421895F5100B6AC58 /* SecondView.swift in Sources */ = {isa = PBXBuildFile; fileRef = 485BD4D321895F5100B6AC58 /* SecondView.swift */; };
		485BD4D621895F5F00B6AC58 /* FirstView.xib in Resources */ = {isa = PBXBuildFile; fileRef = 485BD4D521895F5F00B6AC58 /* FirstView.xib */; };
		485BD4D821895F8600B6AC58 /* SecondView.xib in Resources */ = {isa = PBXBuildFile; fileRef = 485BD4D721895F8600B6AC58 /* SecondView.xib */; };
		485BD4DA21895FA800B6AC58 /* Nibloadable.swift in Sources */ = {isa = PBXBuildFile; fileRef = 485BD4D921895FA800B6AC58 /* Nibloadable.swift */; };
/* End PBXBuildFile section */

/* Begin PBXContainerItemProxy section */
		485BD4C321895EFE00B6AC58 /* PBXContainerItemProxy */ = {
			isa = PBXContainerItemProxy;
			containerPortal = 485BD4A621895EFA00B6AC58 /* Project object */;
			proxyType = 1;
			remoteGlobalIDString = 485BD4AD21895EFA00B6AC58;
			remoteInfo = "面向协议开发";
		};
/* End PBXContainerItemProxy section */

/* Begin PBXFileReference section */
		485BD4AE21895EFA00B6AC58 /* 面向协议开发.app */ = {isa = PBXFileReference; explicitFileType = wrapper.application; includeInIndex = 0; path = "面向协议开发.app"; sourceTree = BUILT_PRODUCTS_DIR; };
		485BD4B121895EFA00B6AC58 /* AppDelegate.swift */ = {isa = PBXFileReference; lastKnownFileType = sourcecode.swift; path = AppDelegate.swift; sourceTree = "<group>"; };
		485BD4B321895EFA00B6AC58 /* ViewController.swift */ = {isa = PBXFileReference; lastKnownFileType = sourcecode.swift; path = ViewController.swift; sourceTree = "<group>"; };
		485BD4B621895EFA00B6AC58 /* Base */ = {isa = PBXFileReference; lastKnownFileType = file.storyboard; name = Base; path = Base.lproj/Main.storyboard; sourceTree = "<group>"; };
		485BD4B821895EFD00B6AC58 /* Assets.xcassets */ = {isa = PBXFileReference; lastKnownFileType = folder.assetcatalog; path = Assets.xcassets; sourceTree = "<group>"; };
		485BD4BB21895EFD00B6AC58 /* Base */ = {isa = PBXFileReference; lastKnownFileType = file.storyboard; name = Base; path = Base.lproj/LaunchScreen.storyboard; sourceTree = "<group>"; };
		485BD4BD21895EFD00B6AC58 /* Info.plist */ = {isa = PBXFileReference; lastKnownFileType = text.plist.xml; path = Info.plist; sourceTree = "<group>"; };
		485BD4C221895EFE00B6AC58 /* 面向协议开发UITests.xctest */ = {isa = PBXFileReference; explicitFileType = wrapper.cfbundle; includeInIndex = 0; path = "面向协议开发UITests.xctest"; sourceTree = BUILT_PRODUCTS_DIR; };
		485BD4C621895EFE00B6AC58 /* ______UITests.swift */ = {isa = PBXFileReference; lastKnownFileType = sourcecode.swift; path = "______UITests.swift"; sourceTree = "<group>"; };
		485BD4C821895EFE00B6AC58 /* Info.plist */ = {isa = PBXFileReference; lastKnownFileType = text.plist.xml; path = Info.plist; sourceTree = "<group>"; };
		485BD4D121895F4200B6AC58 /* FirstView.swift */ = {isa = PBXFileReference; lastKnownFileType = sourcecode.swift; path = FirstView.swift; sourceTree = "<group>"; };
		485BD4D321895F5100B6AC58 /* SecondView.swift */ = {isa = PBXFileReference; lastKnownFileType = sourcecode.swift; path = SecondView.swift; sourceTree = "<group>"; };
		485BD4D521895F5F00B6AC58 /* FirstView.xib */ = {isa = PBXFileReference; lastKnownFileType = file.xib; path = FirstView.xib; sourceTree = "<group>"; };
		485BD4D721895F8600B6AC58 /* SecondView.xib */ = {isa = PBXFileReference; lastKnownFileType = file.xib; path = SecondView.xib; sourceTree = "<group>"; };
		485BD4D921895FA800B6AC58 /* Nibloadable.swift */ = {isa = PBXFileReference; lastKnownFileType = sourcecode.swift; path = Nibloadable.swift; sourceTree = "<group>"; };
/* End PBXFileReference section */

/* Begin PBXFrameworksBuildPhase section */
		485BD4AB21895EFA00B6AC58 /* Frameworks */ = {
			isa = PBXFrameworksBuildPhase;
			buildActionMask = 2147483647;
			files = (
			);
			runOnlyForDeploymentPostprocessing = 0;
		};
		485BD4BF21895EFE00B6AC58 /* Frameworks */ = {
			isa = PBXFrameworksBuildPhase;
			buildActionMask = 2147483647;
			files = (
			);
			runOnlyForDeploymentPostprocessing = 0;
		};
/* End PBXFrameworksBuildPhase section */

/* Begin PBXGroup section */
		485BD4A521895EFA00B6AC58 = {
			isa = PBXGroup;
			children = (
				485BD4B021895EFA00B6AC58 /* 面向协议开发 */,
				485BD4C521895EFE00B6AC58 /* 面向协议开发UITests */,
				485BD4AF21895EFA00B6AC58 /* Products */,
			);
			sourceTree = "<group>";
		};
		485BD4AF21895EFA00B6AC58 /* Products */ = {
			isa = PBXGroup;
			children = (
				485BD4AE21895EFA00B6AC58 /* 面向协议开发.app */,
				485BD4C221895EFE00B6AC58 /* 面向协议开发UITests.xctest */,
			);
			name = Products;
			sourceTree = "<group>";
		};
		485BD4B021895EFA00B6AC58 /* 面向协议开发 */ = {
			isa = PBXGroup;
			children = (
				485BD4B121895EFA00B6AC58 /* AppDelegate.swift */,
				485BD4B321895EFA00B6AC58 /* ViewController.swift */,
				485BD4D921895FA800B6AC58 /* Nibloadable.swift */,
				485BD4D121895F4200B6AC58 /* FirstView.swift */,
				485BD4D521895F5F00B6AC58 /* FirstView.xib */,
				485BD4D321895F5100B6AC58 /* SecondView.swift */,
				485BD4D721895F8600B6AC58 /* SecondView.xib */,
				485BD4B521895EFA00B6AC58 /* Main.storyboard */,
				485BD4B821895EFD00B6AC58 /* Assets.xcassets */,
				485BD4BA21895EFD00B6AC58 /* LaunchScreen.storyboard */,
				485BD4BD21895EFD00B6AC58 /* Info.plist */,
			);
			path = "面向协议开发";
			sourceTree = "<group>";
		};
		485BD4C521895EFE00B6AC58 /* 面向协议开发UITests */ = {
			isa = PBXGroup;
			children = (
				485BD4C621895EFE00B6AC58 /* ______UITests.swift */,
				485BD4C821895EFE00B6AC58 /* Info.plist */,
			);
			path = "面向协议开发UITests";
			sourceTree = "<group>";
		};
/* End PBXGroup section */

/* Begin PBXNativeTarget section */
		485BD4AD21895EFA00B6AC58 /* 面向协议开发 */ = {
			isa = PBXNativeTarget;
			buildConfigurationList = 485BD4CB21895EFE00B6AC58 /* Build configuration list for PBXNativeTarget "面向协议开发" */;
			buildPhases = (
				485BD4AA21895EFA00B6AC58 /* Sources */,
				485BD4AB21895EFA00B6AC58 /* Frameworks */,
				485BD4AC21895EFA00B6AC58 /* Resources */,
			);
			buildRules = (
			);
			dependencies = (
			);
			name = "面向协议开发";
			productName = "面向协议开发";
			productReference = 485BD4AE21895EFA00B6AC58 /* 面向协议开发.app */;
			productType = "com.apple.product-type.application";
		};
		485BD4C121895EFE00B6AC58 /* 面向协议开发UITests */ = {
			isa = PBXNativeTarget;
			buildConfigurationList = 485BD4CE21895EFE00B6AC58 /* Build configuration list for PBXNativeTarget "面向协议开发UITests" */;
			buildPhases = (
				485BD4BE21895EFE00B6AC58 /* Sources */,
				485BD4BF21895EFE00B6AC58 /* Frameworks */,
				485BD4C021895EFE00B6AC58 /* Resources */,
			);
			buildRules = (
			);
			dependencies = (
				485BD4C421895EFE00B6AC58 /* PBXTargetDependency */,
			);
			name = "面向协议开发UITests";
			productName = "面向协议开发UITests";
			productReference = 485BD4C221895EFE00B6AC58 /* 面向协议开发UITests.xctest */;
			productType = "com.apple.product-type.bundle.ui-testing";
		};
/* End PBXNativeTarget section */

/* Begin PBXProject section */
		485BD4A621895EFA00B6AC58 /* Project object */ = {
			isa = PBXProject;
			attributes = {
				LastSwiftUpdateCheck = 1000;
				LastUpgradeCheck = 1000;
				ORGANIZATIONNAME = joewang;
				TargetAttributes = {
					485BD4AD21895EFA00B6AC58 = {
						CreatedOnToolsVersion = 10.0;
					};
					485BD4C121895EFE00B6AC58 = {
						CreatedOnToolsVersion = 10.0;
						TestTargetID = 485BD4AD21895EFA00B6AC58;
					};
				};
			};
			buildConfigurationList = 485BD4A921895EFA00B6AC58 /* Build configuration list for PBXProject "面向协议开发" */;
			compatibilityVersion = "Xcode 9.3";
			developmentRegion = en;
			hasScannedForEncodings = 0;
			knownRegions = (
				en,
				Base,
			);
			mainGroup = 485BD4A521895EFA00B6AC58;
			productRefGroup = 485BD4AF21895EFA00B6AC58 /* Products */;
			projectDirPath = "";
			projectRoot = "";
			targets = (
				485BD4AD21895EFA00B6AC58 /* 面向协议开发 */,
				485BD4C121895EFE00B6AC58 /* 面向协议开发UITests */,
			);
		};
/* End PBXProject section */

/* Begin PBXResourcesBuildPhase section */
		485BD4AC21895EFA00B6AC58 /* Resources */ = {
			isa = PBXResourcesBuildPhase;
			buildActionMask = 2147483647;
			files = (
				485BD4BC21895EFD00B6AC58 /* LaunchScreen.storyboard in Resources */,
				485BD4D821895F8600B6AC58 /* SecondView.xib in Resources */,
				485BD4D621895F5F00B6AC58 /* FirstView.xib in Resources */,
				485BD4B921895EFD00B6AC58 /* Assets.xcassets in Resources */,
				485BD4B721895EFA00B6AC58 /* Main.storyboard in Resources */,
			);
			runOnlyForDeploymentPostprocessing = 0;
		};
		485BD4C021895EFE00B6AC58 /* Resources */ = {
			isa = PBXResourcesBuildPhase;
			buildActionMask = 2147483647;
			files = (
			);
			runOnlyForDeploymentPostprocessing = 0;
		};
/* End PBXResourcesBuildPhase section */

/* Begin PBXSourcesBuildPhase section */
		485BD4AA21895EFA00B6AC58 /* Sources */ = {
			isa = PBXSourcesBuildPhase;
			buildActionMask = 2147483647;
			files = (
				485BD4B421895EFA00B6AC58 /* ViewController.swift in Sources */,
				485BD4D221895F4200B6AC58 /* FirstView.swift in Sources */,
				485BD4DA21895FA800B6AC58 /* Nibloadable.swift in Sources */,
				485BD4D421895F5100B6AC58 /* SecondView.swift in Sources */,
				485BD4B221895EFA00B6AC58 /* AppDelegate.swift in Sources */,
			);
			runOnlyForDeploymentPostprocessing = 0;
		};
		485BD4BE21895EFE00B6AC58 /* Sources */ = {
			isa = PBXSourcesBuildPhase;
			buildActionMask = 2147483647;
			files = (
				485BD4C721895EFE00B6AC58 /* ______UITests.swift in Sources */,
			);
			runOnlyForDeploymentPostprocessing = 0;
		};
/* End PBXSourcesBuildPhase section */

/* Begin PBXTargetDependency section */
		485BD4C421895EFE00B6AC58 /* PBXTargetDependency */ = {
			isa = PBXTargetDependency;
			target = 485BD4AD21895EFA00B6AC58 /* 面向协议开发 */;
			targetProxy = 485BD4C321895EFE00B6AC58 /* PBXContainerItemProxy */;
		};
/* End PBXTargetDependency section */

/* Begin PBXVariantGroup section */
		485BD4B521895EFA00B6AC58 /* Main.storyboard */ = {
			isa = PBXVariantGroup;
			children = (
				485BD4B621895EFA00B6AC58 /* Base */,
			);
			name = Main.storyboard;
			sourceTree = "<group>";
		};
		485BD4BA21895EFD00B6AC58 /* LaunchScreen.storyboard */ = {
			isa = PBXVariantGroup;
			children = (
				485BD4BB21895EFD00B6AC58 /* Base */,
			);
			name = LaunchScreen.storyboard;
			sourceTree = "<group>";
		};
/* End PBXVariantGroup section */

/* Begin XCBuildConfiguration section */
		485BD4C921895EFE00B6AC58 /* Debug */ = {
			isa = XCBuildConfiguration;
			buildSettings = {
				ALWAYS_SEARCH_USER_PATHS = NO;
				CLANG_ANALYZER_NONNULL = YES;
				CLANG_ANALYZER_NUMBER_OBJECT_CONVERSION = YES_AGGRESSIVE;
				CLANG_CXX_LANGUAGE_STANDARD = "gnu++14";
				CLANG_CXX_LIBRARY = "libc++";
				CLANG_ENABLE_MODULES = YES;
				CLANG_ENABLE_OBJC_ARC = YES;
				CLANG_ENABLE_OBJC_WEAK = YES;
				CLANG_WARN_BLOCK_CAPTURE_AUTORELEASING = YES;
				CLANG_WARN_BOOL_CONVERSION = YES;
				CLANG_WARN_COMMA = YES;
				CLANG_WARN_CONSTANT_CONVERSION = YES;
				CLANG_WARN_DEPRECATED_OBJC_IMPLEMENTATIONS = YES;
				CLANG_WARN_DIRECT_OBJC_ISA_USAGE = YES_ERROR;
				CLANG_WARN_DOCUMENTATION_COMMENTS = YES;
				CLANG_WARN_EMPTY_BODY = YES;
				CLANG_WARN_ENUM_CONVERSION = YES;
				CLANG_WARN_INFINITE_RECURSION = YES;
				CLANG_WARN_INT_CONVERSION = YES;
				CLANG_WARN_NON_LITERAL_NULL_CONVERSION = YES;
				CLANG_WARN_OBJC_IMPLICIT_RETAIN_SELF = YES;
				CLANG_WARN_OBJC_LITERAL_CONVERSION = YES;
				CLANG_WARN_OBJC_ROOT_CLASS = YES_ERROR;
				CLANG_WARN_RANGE_LOOP_ANALYSIS = YES;
				CLANG_WARN_STRICT_PROTOTYPES = YES;
				CLANG_WARN_SUSPICIOUS_MOVE = YES;
				CLANG_WARN_UNGUARDED_AVAILABILITY = YES_AGGRESSIVE;
				CLANG_WARN_UNREACHABLE_CODE = YES;
				CLANG_WARN__DUPLICATE_METHOD_MATCH = YES;
				CODE_SIGN_IDENTITY = "iPhone Developer";
				COPY_PHASE_STRIP = NO;
				DEBUG_INFORMATION_FORMAT = dwarf;
				ENABLE_STRICT_OBJC_MSGSEND = YES;
				ENABLE_TESTABILITY = YES;
				GCC_C_LANGUAGE_STANDARD = gnu11;
				GCC_DYNAMIC_NO_PIC = NO;
				GCC_NO_COMMON_BLOCKS = YES;
				GCC_OPTIMIZATION_LEVEL = 0;
				GCC_PREPROCESSOR_DEFINITIONS = (
					"DEBUG=1",
					"$(inherited)",
				);
				GCC_WARN_64_TO_32_BIT_CONVERSION = YES;
				GCC_WARN_ABOUT_RETURN_TYPE = YES_ERROR;
				GCC_WARN_UNDECLARED_SELECTOR = YES;
				GCC_WARN_UNINITIALIZED_AUTOS = YES_AGGRESSIVE;
				GCC_WARN_UNUSED_FUNCTION = YES;
				GCC_WARN_UNUSED_VARIABLE = YES;
				IPHONEOS_DEPLOYMENT_TARGET = 12.0;
				MTL_ENABLE_DEBUG_INFO = INCLUDE_SOURCE;
				MTL_FAST_MATH = YES;
				ONLY_ACTIVE_ARCH = YES;
				SDKROOT = iphoneos;
				SWIFT_ACTIVE_COMPILATION_CONDITIONS = DEBUG;
				SWIFT_OPTIMIZATION_LEVEL = "-Onone";
			};
			name = Debug;
		};
		485BD4CA21895EFE00B6AC58 /* Release */ = {
			isa = XCBuildConfiguration;
			buildSettings = {
				ALWAYS_SEARCH_USER_PATHS = NO;
				CLANG_ANALYZER_NONNULL = YES;
				CLANG_ANALYZER_NUMBER_OBJECT_CONVERSION = YES_AGGRESSIVE;
				CLANG_CXX_LANGUAGE_STANDARD = "gnu++14";
				CLANG_CXX_LIBRARY = "libc++";
				CLANG_ENABLE_MODULES = YES;
				CLANG_ENABLE_OBJC_ARC = YES;
				CLANG_ENABLE_OBJC_WEAK = YES;
				CLANG_WARN_BLOCK_CAPTURE_AUTORELEASING = YES;
				CLANG_WARN_BOOL_CONVERSION = YES;
				CLANG_WARN_COMMA = YES;
				CLANG_WARN_CONSTANT_CONVERSION = YES;
				CLANG_WARN_DEPRECATED_OBJC_IMPLEMENTATIONS = YES;
				CLANG_WARN_DIRECT_OBJC_ISA_USAGE = YES_ERROR;
				CLANG_WARN_DOCUMENTATION_COMMENTS = YES;
				CLANG_WARN_EMPTY_BODY = YES;
				CLANG_WARN_ENUM_CONVERSION = YES;
				CLANG_WARN_INFINITE_RECURSION = YES;
				CLANG_WARN_INT_CONVERSION = YES;
				CLANG_WARN_NON_LITERAL_NULL_CONVERSION = YES;
				CLANG_WARN_OBJC_IMPLICIT_RETAIN_SELF = YES;
				CLANG_WARN_OBJC_LITERAL_CONVERSION = YES;
				CLANG_WARN_OBJC_ROOT_CLASS = YES_ERROR;
				CLANG_WARN_RANGE_LOOP_ANALYSIS = YES;
				CLANG_WARN_STRICT_PROTOTYPES = YES;
				CLANG_WARN_SUSPICIOUS_MOVE = YES;
				CLANG_WARN_UNGUARDED_AVAILABILITY = YES_AGGRESSIVE;
				CLANG_WARN_UNREACHABLE_CODE = YES;
				CLANG_WARN__DUPLICATE_METHOD_MATCH = YES;
				CODE_SIGN_IDENTITY = "iPhone Developer";
				COPY_PHASE_STRIP = NO;
				DEBUG_INFORMATION_FORMAT = "dwarf-with-dsym";
				ENABLE_NS_ASSERTIONS = NO;
				ENABLE_STRICT_OBJC_MSGSEND = YES;
				GCC_C_LANGUAGE_STANDARD = gnu11;
				GCC_NO_COMMON_BLOCKS = YES;
				GCC_WARN_64_TO_32_BIT_CONVERSION = YES;
				GCC_WARN_ABOUT_RETURN_TYPE = YES_ERROR;
				GCC_WARN_UNDECLARED_SELECTOR = YES;
				GCC_WARN_UNINITIALIZED_AUTOS = YES_AGGRESSIVE;
				GCC_WARN_UNUSED_FUNCTION = YES;
				GCC_WARN_UNUSED_VARIABLE = YES;
				IPHONEOS_DEPLOYMENT_TARGET = 12.0;
				MTL_ENABLE_DEBUG_INFO = NO;
				MTL_FAST_MATH = YES;
				SDKROOT = iphoneos;
				SWIFT_COMPILATION_MODE = wholemodule;
				SWIFT_OPTIMIZATION_LEVEL = "-O";
				VALIDATE_PRODUCT = YES;
			};
			name = Release;
		};
		485BD4CC21895EFE00B6AC58 /* Debug */ = {
			isa = XCBuildConfiguration;
			buildSettings = {
				ASSETCATALOG_COMPILER_APPICON_NAME = AppIcon;
				CODE_SIGN_STYLE = Automatic;
				DEVELOPMENT_TEAM = 4Q732GF76L;
				INFOPLIST_FILE = "面向协议开发/Info.plist";
				LD_RUNPATH_SEARCH_PATHS = (
					"$(inherited)",
					"@executable_path/Frameworks",
				);
				PRODUCT_BUNDLE_IDENTIFIER = "joewang.cn.------";
				PRODUCT_NAME = "$(TARGET_NAME)";
				SWIFT_VERSION = 4.2;
				TARGETED_DEVICE_FAMILY = "1,2";
			};
			name = Debug;
		};
		485BD4CD21895EFE00B6AC58 /* Release */ = {
			isa = XCBuildConfiguration;
			buildSettings = {
				ASSETCATALOG_COMPILER_APPICON_NAME = AppIcon;
				CODE_SIGN_STYLE = Automatic;
				DEVELOPMENT_TEAM = 4Q732GF76L;
				INFOPLIST_FILE = "面向协议开发/Info.plist";
				LD_RUNPATH_SEARCH_PATHS = (
					"$(inherited)",
					"@executable_path/Frameworks",
				);
				PRODUCT_BUNDLE_IDENTIFIER = "joewang.cn.------";
				PRODUCT_NAME = "$(TARGET_NAME)";
				SWIFT_VERSION = 4.2;
				TARGETED_DEVICE_FAMILY = "1,2";
			};
			name = Release;
		};
		485BD4CF21895EFE00B6AC58 /* Debug */ = {
			isa = XCBuildConfiguration;
			buildSettings = {
				ALWAYS_EMBED_SWIFT_STANDARD_LIBRARIES = YES;
				CODE_SIGN_STYLE = Automatic;
				DEVELOPMENT_TEAM = 4Q732GF76L;
				INFOPLIST_FILE = "面向协议开发UITests/Info.plist";
				LD_RUNPATH_SEARCH_PATHS = (
					"$(inherited)",
					"@executable_path/Frameworks",
					"@loader_path/Frameworks",
				);
				PRODUCT_BUNDLE_IDENTIFIER = "joewang.cn.------UITests";
				PRODUCT_NAME = "$(TARGET_NAME)";
				SWIFT_VERSION = 4.2;
				TARGETED_DEVICE_FAMILY = "1,2";
				TEST_TARGET_NAME = "面向协议开发";
			};
			name = Debug;
		};
		485BD4D021895EFE00B6AC58 /* Release */ = {
			isa = XCBuildConfiguration;
			buildSettings = {
				ALWAYS_EMBED_SWIFT_STANDARD_LIBRARIES = YES;
				CODE_SIGN_STYLE = Automatic;
				DEVELOPMENT_TEAM = 4Q732GF76L;
				INFOPLIST_FILE = "面向协议开发UITests/Info.plist";
				LD_RUNPATH_SEARCH_PATHS = (
					"$(inherited)",
					"@executable_path/Frameworks",
					"@loader_path/Frameworks",
				);
				PRODUCT_BUNDLE_IDENTIFIER = "joewang.cn.------UITests";
				PRODUCT_NAME = "$(TARGET_NAME)";
				SWIFT_VERSION = 4.2;
				TARGETED_DEVICE_FAMILY = "1,2";
				TEST_TARGET_NAME = "面向协议开发";
			};
			name = Release;
		};
/* End XCBuildConfiguration section */

/* Begin XCConfigurationList section */
		485BD4A921895EFA00B6AC58 /* Build configuration list for PBXProject "面向协议开发" */ = {
			isa = XCConfigurationList;
			buildConfigurations = (
				485BD4C921895EFE00B6AC58 /* Debug */,
				485BD4CA21895EFE00B6AC58 /* Release */,
			);
			defaultConfigurationIsVisible = 0;
			defaultConfigurationName = Release;
		};
		485BD4CB21895EFE00B6AC58 /* Build configuration list for PBXNativeTarget "面向协议开发" */ = {
			isa = XCConfigurationList;
			buildConfigurations = (
				485BD4CC21895EFE00B6AC58 /* Debug */,
				485BD4CD21895EFE00B6AC58 /* Release */,
			);
			defaultConfigurationIsVisible = 0;
			defaultConfigurationName = Release;
		};
		485BD4CE21895EFE00B6AC58 /* Build configuration list for PBXNativeTarget "面向协议开发UITests" */ = {
			isa = XCConfigurationList;
			buildConfigurations = (
				485BD4CF21895EFE00B6AC58 /* Debug */,
				485BD4D021895EFE00B6AC58 /* Release */,
			);
			defaultConfigurationIsVisible = 0;
			defaultConfigurationName = Release;
		};
/* End XCConfigurationList section */
	};
	rootObject = 485BD4A621895EFA00B6AC58 /* Project object */;
}
